
Microsoft Visual Studio Solution File, Format Version 12.00
# Visual Studio Version 17
VisualStudioVersion = 17.8.34309.116
MinimumVisualStudioVersion = 10.0.40219.1
Project("{9A19103F-16F7-4668-BE54-9A1E7A4F7556}") = "MassageStudio.MVC", "MassageStudio.MVC\MassageStudio.MVC.csproj", "{386F4CB4-F41C-4F60-8D5D-EEDE8AD74E11}"
EndProject
Project("{9A19103F-16F7-4668-BE54-9A1E7A4F7556}") = "MassageStudio.Infrastructure", "MassageStudio.Infrastructure\MassageStudio.Infrastructure.csproj", "{FCC7111E-26F6-4295-BA3A-BBBC793264A6}"
EndProject
Project("{9A19103F-16F7-4668-BE54-9A1E7A4F7556}") = "MassageStudio.Application", "MassageStudio.Application\MassageStudio.Application.csproj", "{EB81EB9E-09F8-4C6C-877A-9FB4D61350E2}"
EndProject
Project("{9A19103F-16F7-4668-BE54-9A1E7A4F7556}") = "MassageStudio.Domain", "MassegeStudio.Domain\MassageStudio.Domain.csproj", "{E77E4766-1953-4AE8-9FF8-BEE54B60AF93}"
EndProject
Global
	GlobalSection(SolutionConfigurationPlatforms) = preSolution
		Debug|Any CPU = Debug|Any CPU
		Release|Any CPU = Release|Any CPU
	EndGlobalSection
	GlobalSection(ProjectConfigurationPlatforms) = postSolution
		{386F4CB4-F41C-4F60-8D5D-EEDE8AD74E11}.Debug|Any CPU.ActiveCfg = Debug|Any CPU
		{386F4CB4-F41C-4F60-8D5D-EEDE8AD74E11}.Debug|Any CPU.Build.0 = Debug|Any CPU
		{386F4CB4-F41C-4F60-8D5D-EEDE8AD74E11}.Release|Any CPU.ActiveCfg = Release|Any CPU
		{386F4CB4-F41C-4F60-8D5D-EEDE8AD74E11}.Release|Any CPU.Build.0 = Release|Any CPU
		{FCC7111E-26F6-4295-BA3A-BBBC793264A6}.Debug|Any CPU.ActiveCfg = Debug|Any CPU
		{FCC7111E-26F6-4295-BA3A-BBBC793264A6}.Debug|Any CPU.Build.0 = Debug|Any CPU
		{FCC7111E-26F6-4295-BA3A-BBBC793264A6}.Release|Any CPU.ActiveCfg = Release|Any CPU
		{FCC7111E-26F6-4295-BA3A-BBBC793264A6}.Release|Any CPU.Build.0 = Release|Any CPU
		{EB81EB9E-09F8-4C6C-877A-9FB4D61350E2}.Debug|Any CPU.ActiveCfg = Debug|Any CPU
		{EB81EB9E-09F8-4C6C-877A-9FB4D61350E2}.Debug|Any CPU.Build.0 = Debug|Any CPU
		{EB81EB9E-09F8-4C6C-877A-9FB4D61350E2}.Release|Any CPU.ActiveCfg = Release|Any CPU
		{EB81EB9E-09F8-4C6C-877A-9FB4D61350E2}.Release|Any CPU.Build.0 = Release|Any CPU
		{E77E4766-1953-4AE8-9FF8-BEE54B60AF93}.Debug|Any CPU.ActiveCfg = Debug|Any CPU
		{E77E4766-1953-4AE8-9FF8-BEE54B60AF93}.Debug|Any CPU.Build.0 = Debug|Any CPU
		{E77E4766-1953-4AE8-9FF8-BEE54B60AF93}.Release|Any CPU.ActiveCfg = Release|Any CPU
		{E77E4766-1953-4AE8-9FF8-BEE54B60AF93}.Release|Any CPU.Build.0 = Release|Any CPU
	EndGlobalSection
	GlobalSection(SolutionProperties) = preSolution
		HideSolutionNode = FALSE
	EndGlobalSection
	GlobalSection(ExtensibilityGlobals) = postSolution
		SolutionGuid = {8A7CD077-E66F-41BB-8910-B76A86A9F251}
	EndGlobalSection
EndGlobal
